
Microsoft Visual Studio Solution File, Format Version 12.00
# Visual Studio Version 17
VisualStudioVersion = 17.14.36518.9 d17.14
MinimumVisualStudioVersion = 10.0.40219.1
Project("{FAE04EC0-301F-11D3-BF4B-00C04F79EFBC}") = "MorrisApp", "WebApplication1\MorrisApp.csproj", "{EAFF7BF7-6C89-411A-A70B-8E7098357C2C}"
EndProject
Global
	GlobalSection(SolutionConfigurationPlatforms) = preSolution
		Debug|Any CPU = Debug|Any CPU
		Release|Any CPU = Release|Any CPU
	EndGlobalSection
	GlobalSection(ProjectConfigurationPlatforms) = postSolution
		{EAFF7BF7-6C89-411A-A70B-8E7098357C2C}.Debug|Any CPU.ActiveCfg = Debug|Any CPU
		{EAFF7BF7-6C89-411A-A70B-8E7098357C2C}.Debug|Any CPU.Build.0 = Debug|Any CPU
		{EAFF7BF7-6C89-411A-A70B-8E7098357C2C}.Release|Any CPU.ActiveCfg = Release|Any CPU
		{EAFF7BF7-6C89-411A-A70B-8E7098357C2C}.Release|Any CPU.Build.0 = Release|Any CPU
	EndGlobalSection
	GlobalSection(SolutionProperties) = preSolution
		HideSolutionNode = FALSE
	EndGlobalSection
	GlobalSection(ExtensibilityGlobals) = postSolution
		SolutionGuid = {EC4F934F-1C0C-408C-875D-C24927BBC13A}
	EndGlobalSection
EndGlobal
